// !$*UTF8*$!
{
	archiveVersion = 1;
	classes = {
	};
	objectVersion = 46;
	objects = {

/* Begin PBXBuildFile section */
		79FE89CB1CEEDAFA00DFA77F /* AppDelegate.swift in Sources */ = {isa = PBXBuildFile; fileRef = 79FE89CA1CEEDAFA00DFA77F /* AppDelegate.swift */; };
		79FE89CD1CEEDAFA00DFA77F /* ViewController.swift in Sources */ = {isa = PBXBuildFile; fileRef = 79FE89CC1CEEDAFA00DFA77F /* ViewController.swift */; };
		79FE89D01CEEDAFA00DFA77F /* Main.storyboard in Resources */ = {isa = PBXBuildFile; fileRef = 79FE89CE1CEEDAFA00DFA77F /* Main.storyboard */; };
		79FE89D21CEEDAFA00DFA77F /* Assets.xcassets in Resources */ = {isa = PBXBuildFile; fileRef = 79FE89D11CEEDAFA00DFA77F /* Assets.xcassets */; };
		79FE89D51CEEDAFA00DFA77F /* LaunchScreen.storyboard in Resources */ = {isa = PBXBuildFile; fileRef = 79FE89D31CEEDAFA00DFA77F /* LaunchScreen.storyboard */; };
		79FE89E01CEEDAFB00DFA77F /* AutoPagingLayoutDemoTests.swift in Sources */ = {isa = PBXBuildFile; fileRef = 79FE89DF1CEEDAFB00DFA77F /* AutoPagingLayoutDemoTests.swift */; };
		79FE89EB1CEEDAFB00DFA77F /* AutoPagingLayoutDemoUITests.swift in Sources */ = {isa = PBXBuildFile; fileRef = 79FE89EA1CEEDAFB00DFA77F /* AutoPagingLayoutDemoUITests.swift */; };
		79FE89FD1CEEDBAF00DFA77F /* WKAutomaticPagingFlowLayout.swift in Sources */ = {isa = PBXBuildFile; fileRef = 79FE89FA1CEEDBAF00DFA77F /* WKAutomaticPagingFlowLayout.swift */; };
		79FE89FE1CEEDBAF00DFA77F /* WKAutomaticPagingFlowLayoutConfigurator.swift in Sources */ = {isa = PBXBuildFile; fileRef = 79FE89FC1CEEDBAF00DFA77F /* WKAutomaticPagingFlowLayoutConfigurator.swift */; };
		79FE8A011CEEDC1200DFA77F /* UIViewCategory.swift in Sources */ = {isa = PBXBuildFile; fileRef = 79FE8A001CEEDC1200DFA77F /* UIViewCategory.swift */; };
		79FE8A031CEEE26000DFA77F /* DemoCollectionViewController.swift in Sources */ = {isa = PBXBuildFile; fileRef = 79FE8A021CEEE26000DFA77F /* DemoCollectionViewController.swift */; };
/* End PBXBuildFile section */

/* Begin PBXContainerItemProxy section */
		79FE89DC1CEEDAFB00DFA77F /* PBXContainerItemProxy */ = {
			isa = PBXContainerItemProxy;
			containerPortal = 79FE89BF1CEEDAFA00DFA77F /* Project object */;
			proxyType = 1;
			remoteGlobalIDString = 79FE89C61CEEDAFA00DFA77F;
			remoteInfo = AutoPagingLayoutDemo;
		};
		79FE89E71CEEDAFB00DFA77F /* PBXContainerItemProxy */ = {
			isa = PBXContainerItemProxy;
			containerPortal = 79FE89BF1CEEDAFA00DFA77F /* Project object */;
			proxyType = 1;
			remoteGlobalIDString = 79FE89C61CEEDAFA00DFA77F;
			remoteInfo = AutoPagingLayoutDemo;
		};
/* End PBXContainerItemProxy section */

/* Begin PBXFileReference section */
		79FE89C71CEEDAFA00DFA77F /* AutoPagingLayoutDemo.app */ = {isa = PBXFileReference; explicitFileType = wrapper.application; includeInIndex = 0; path = AutoPagingLayoutDemo.app; sourceTree = BUILT_PRODUCTS_DIR; };
		79FE89CA1CEEDAFA00DFA77F /* AppDelegate.swift */ = {isa = PBXFileReference; lastKnownFileType = sourcecode.swift; path = AppDelegate.swift; sourceTree = "<group>"; };
		79FE89CC1CEEDAFA00DFA77F /* ViewController.swift */ = {isa = PBXFileReference; lastKnownFileType = sourcecode.swift; path = ViewController.swift; sourceTree = "<group>"; };
		79FE89CF1CEEDAFA00DFA77F /* Base */ = {isa = PBXFileReference; lastKnownFileType = file.storyboard; name = Base; path = Base.lproj/Main.storyboard; sourceTree = "<group>"; };
		79FE89D11CEEDAFA00DFA77F /* Assets.xcassets */ = {isa = PBXFileReference; lastKnownFileType = folder.assetcatalog; path = Assets.xcassets; sourceTree = "<group>"; };
		79FE89D41CEEDAFA00DFA77F /* Base */ = {isa = PBXFileReference; lastKnownFileType = file.storyboard; name = Base; path = Base.lproj/LaunchScreen.storyboard; sourceTree = "<group>"; };
		79FE89D61CEEDAFA00DFA77F /* Info.plist */ = {isa = PBXFileReference; lastKnownFileType = text.plist.xml; path = Info.plist; sourceTree = "<group>"; };
		79FE89DB1CEEDAFB00DFA77F /* AutoPagingLayoutDemoTests.xctest */ = {isa = PBXFileReference; explicitFileType = wrapper.cfbundle; includeInIndex = 0; path = AutoPagingLayoutDemoTests.xctest; sourceTree = BUILT_PRODUCTS_DIR; };
		79FE89DF1CEEDAFB00DFA77F /* AutoPagingLayoutDemoTests.swift */ = {isa = PBXFileReference; lastKnownFileType = sourcecode.swift; path = AutoPagingLayoutDemoTests.swift; sourceTree = "<group>"; };
		79FE89E11CEEDAFB00DFA77F /* Info.plist */ = {isa = PBXFileReference; lastKnownFileType = text.plist.xml; path = Info.plist; sourceTree = "<group>"; };
		79FE89E61CEEDAFB00DFA77F /* AutoPagingLayoutDemoUITests.xctest */ = {isa = PBXFileReference; explicitFileType = wrapper.cfbundle; includeInIndex = 0; path = AutoPagingLayoutDemoUITests.xctest; sourceTree = BUILT_PRODUCTS_DIR; };
		79FE89EA1CEEDAFB00DFA77F /* AutoPagingLayoutDemoUITests.swift */ = {isa = PBXFileReference; lastKnownFileType = sourcecode.swift; path = AutoPagingLayoutDemoUITests.swift; sourceTree = "<group>"; };
		79FE89EC1CEEDAFB00DFA77F /* Info.plist */ = {isa = PBXFileReference; lastKnownFileType = text.plist.xml; path = Info.plist; sourceTree = "<group>"; };
		79FE89FA1CEEDBAF00DFA77F /* WKAutomaticPagingFlowLayout.swift */ = {isa = PBXFileReference; fileEncoding = 4; lastKnownFileType = sourcecode.swift; path = WKAutomaticPagingFlowLayout.swift; sourceTree = "<group>"; };
		79FE89FC1CEEDBAF00DFA77F /* WKAutomaticPagingFlowLayoutConfigurator.swift */ = {isa = PBXFileReference; fileEncoding = 4; lastKnownFileType = sourcecode.swift; path = WKAutomaticPagingFlowLayoutConfigurator.swift; sourceTree = "<group>"; };
		79FE8A001CEEDC1200DFA77F /* UIViewCategory.swift */ = {isa = PBXFileReference; fileEncoding = 4; lastKnownFileType = sourcecode.swift; path = UIViewCategory.swift; sourceTree = "<group>"; };
		79FE8A021CEEE26000DFA77F /* DemoCollectionViewController.swift */ = {isa = PBXFileReference; fileEncoding = 4; lastKnownFileType = sourcecode.swift; path = DemoCollectionViewController.swift; sourceTree = "<group>"; };
/* End PBXFileReference section */

/* Begin PBXFrameworksBuildPhase section */
		79FE89C41CEEDAFA00DFA77F /* Frameworks */ = {
			isa = PBXFrameworksBuildPhase;
			buildActionMask = 2147483647;
			files = (
			);
			runOnlyForDeploymentPostprocessing = 0;
		};
		79FE89D81CEEDAFB00DFA77F /* Frameworks */ = {
			isa = PBXFrameworksBuildPhase;
			buildActionMask = 2147483647;
			files = (
			);
			runOnlyForDeploymentPostprocessing = 0;
		};
		79FE89E31CEEDAFB00DFA77F /* Frameworks */ = {
			isa = PBXFrameworksBuildPhase;
			buildActionMask = 2147483647;
			files = (
			);
			runOnlyForDeploymentPostprocessing = 0;
		};
/* End PBXFrameworksBuildPhase section */

/* Begin PBXGroup section */
		79FE89BE1CEEDAFA00DFA77F = {
			isa = PBXGroup;
			children = (
				79FE89F81CEEDBAF00DFA77F /* AutoPagingFlowLayout */,
				79FE89C91CEEDAFA00DFA77F /* AutoPagingLayoutDemo */,
				79FE89DE1CEEDAFB00DFA77F /* AutoPagingLayoutDemoTests */,
				79FE89E91CEEDAFB00DFA77F /* AutoPagingLayoutDemoUITests */,
				79FE89C81CEEDAFA00DFA77F /* Products */,
			);
			sourceTree = "<group>";
		};
		79FE89C81CEEDAFA00DFA77F /* Products */ = {
			isa = PBXGroup;
			children = (
				79FE89C71CEEDAFA00DFA77F /* AutoPagingLayoutDemo.app */,
				79FE89DB1CEEDAFB00DFA77F /* AutoPagingLayoutDemoTests.xctest */,
				79FE89E61CEEDAFB00DFA77F /* AutoPagingLayoutDemoUITests.xctest */,
			);
			name = Products;
			sourceTree = "<group>";
		};
		79FE89C91CEEDAFA00DFA77F /* AutoPagingLayoutDemo */ = {
			isa = PBXGroup;
			children = (
				79FE89CA1CEEDAFA00DFA77F /* AppDelegate.swift */,
				79FE89CC1CEEDAFA00DFA77F /* ViewController.swift */,
				79FE89CE1CEEDAFA00DFA77F /* Main.storyboard */,
				79FE89D11CEEDAFA00DFA77F /* Assets.xcassets */,
				79FE89D31CEEDAFA00DFA77F /* LaunchScreen.storyboard */,
				79FE89D61CEEDAFA00DFA77F /* Info.plist */,
				79FE8A021CEEE26000DFA77F /* DemoCollectionViewController.swift */,
			);
			path = AutoPagingLayoutDemo;
			sourceTree = "<group>";
		};
		79FE89DE1CEEDAFB00DFA77F /* AutoPagingLayoutDemoTests */ = {
			isa = PBXGroup;
			children = (
				79FE89DF1CEEDAFB00DFA77F /* AutoPagingLayoutDemoTests.swift */,
				79FE89E11CEEDAFB00DFA77F /* Info.plist */,
			);
			path = AutoPagingLayoutDemoTests;
			sourceTree = "<group>";
		};
		79FE89E91CEEDAFB00DFA77F /* AutoPagingLayoutDemoUITests */ = {
			isa = PBXGroup;
			children = (
				79FE89EA1CEEDAFB00DFA77F /* AutoPagingLayoutDemoUITests.swift */,
				79FE89EC1CEEDAFB00DFA77F /* Info.plist */,
			);
			path = AutoPagingLayoutDemoUITests;
			sourceTree = "<group>";
		};
		79FE89F81CEEDBAF00DFA77F /* AutoPagingFlowLayout */ = {
			isa = PBXGroup;
			children = (
				79FE89FF1CEEDC1200DFA77F /* Categories */,
				79FE89F91CEEDBAF00DFA77F /* Layouts */,
				79FE89FB1CEEDBAF00DFA77F /* Other */,
			);
			path = AutoPagingFlowLayout;
			sourceTree = "<group>";
		};
		79FE89F91CEEDBAF00DFA77F /* Layouts */ = {
			isa = PBXGroup;
			children = (
				79FE89FA1CEEDBAF00DFA77F /* WKAutomaticPagingFlowLayout.swift */,
			);
			path = Layouts;
			sourceTree = "<group>";
		};
		79FE89FB1CEEDBAF00DFA77F /* Other */ = {
			isa = PBXGroup;
			children = (
				79FE89FC1CEEDBAF00DFA77F /* WKAutomaticPagingFlowLayoutConfigurator.swift */,
			);
			path = Other;
			sourceTree = "<group>";
		};
		79FE89FF1CEEDC1200DFA77F /* Categories */ = {
			isa = PBXGroup;
			children = (
				79FE8A001CEEDC1200DFA77F /* UIViewCategory.swift */,
			);
			path = Categories;
			sourceTree = "<group>";
		};
/* End PBXGroup section */

/* Begin PBXNativeTarget section */
		79FE89C61CEEDAFA00DFA77F /* AutoPagingLayoutDemo */ = {
			isa = PBXNativeTarget;
			buildConfigurationList = 79FE89EF1CEEDAFB00DFA77F /* Build configuration list for PBXNativeTarget "AutoPagingLayoutDemo" */;
			buildPhases = (
				79FE89C31CEEDAFA00DFA77F /* Sources */,
				79FE89C41CEEDAFA00DFA77F /* Frameworks */,
				79FE89C51CEEDAFA00DFA77F /* Resources */,
			);
			buildRules = (
			);
			dependencies = (
			);
			name = AutoPagingLayoutDemo;
			productName = AutoPagingLayoutDemo;
			productReference = 79FE89C71CEEDAFA00DFA77F /* AutoPagingLayoutDemo.app */;
			productType = "com.apple.product-type.application";
		};
		79FE89DA1CEEDAFB00DFA77F /* AutoPagingLayoutDemoTests */ = {
			isa = PBXNativeTarget;
			buildConfigurationList = 79FE89F21CEEDAFB00DFA77F /* Build configuration list for PBXNativeTarget "AutoPagingLayoutDemoTests" */;
			buildPhases = (
				79FE89D71CEEDAFB00DFA77F /* Sources */,
				79FE89D81CEEDAFB00DFA77F /* Frameworks */,
				79FE89D91CEEDAFB00DFA77F /* Resources */,
			);
			buildRules = (
			);
			dependencies = (
				79FE89DD1CEEDAFB00DFA77F /* PBXTargetDependency */,
			);
			name = AutoPagingLayoutDemoTests;
			productName = AutoPagingLayoutDemoTests;
			productReference = 79FE89DB1CEEDAFB00DFA77F /* AutoPagingLayoutDemoTests.xctest */;
			productType = "com.apple.product-type.bundle.unit-test";
		};
		79FE89E51CEEDAFB00DFA77F /* AutoPagingLayoutDemoUITests */ = {
			isa = PBXNativeTarget;
			buildConfigurationList = 79FE89F51CEEDAFB00DFA77F /* Build configuration list for PBXNativeTarget "AutoPagingLayoutDemoUITests" */;
			buildPhases = (
				79FE89E21CEEDAFB00DFA77F /* Sources */,
				79FE89E31CEEDAFB00DFA77F /* Frameworks */,
				79FE89E41CEEDAFB00DFA77F /* Resources */,
			);
			buildRules = (
			);
			dependencies = (
				79FE89E81CEEDAFB00DFA77F /* PBXTargetDependency */,
			);
			name = AutoPagingLayoutDemoUITests;
			productName = AutoPagingLayoutDemoUITests;
			productReference = 79FE89E61CEEDAFB00DFA77F /* AutoPagingLayoutDemoUITests.xctest */;
			productType = "com.apple.product-type.bundle.ui-testing";
		};
/* End PBXNativeTarget section */

/* Begin PBXProject section */
		79FE89BF1CEEDAFA00DFA77F /* Project object */ = {
			isa = PBXProject;
			attributes = {
				LastSwiftUpdateCheck = 0730;
				LastUpgradeCheck = 0920;
				ORGANIZATIONNAME = hooge;
				TargetAttributes = {
					79FE89C61CEEDAFA00DFA77F = {
						CreatedOnToolsVersion = 7.3.1;
						LastSwiftMigration = 0920;
					};
					79FE89DA1CEEDAFB00DFA77F = {
						CreatedOnToolsVersion = 7.3.1;
						LastSwiftMigration = 0920;
						TestTargetID = 79FE89C61CEEDAFA00DFA77F;
					};
					79FE89E51CEEDAFB00DFA77F = {
						CreatedOnToolsVersion = 7.3.1;
						LastSwiftMigration = 0920;
						TestTargetID = 79FE89C61CEEDAFA00DFA77F;
					};
				};
			};
			buildConfigurationList = 79FE89C21CEEDAFA00DFA77F /* Build configuration list for PBXProject "AutoPagingLayoutDemo" */;
			compatibilityVersion = "Xcode 3.2";
			developmentRegion = English;
			hasScannedForEncodings = 0;
			knownRegions = (
				en,
				Base,
			);
			mainGroup = 79FE89BE1CEEDAFA00DFA77F;
			productRefGroup = 79FE89C81CEEDAFA00DFA77F /* Products */;
			projectDirPath = "";
			projectRoot = "";
			targets = (
				79FE89C61CEEDAFA00DFA77F /* AutoPagingLayoutDemo */,
				79FE89DA1CEEDAFB00DFA77F /* AutoPagingLayoutDemoTests */,
				79FE89E51CEEDAFB00DFA77F /* AutoPagingLayoutDemoUITests */,
			);
		};
/* End PBXProject section */

/* Begin PBXResourcesBuildPhase section */
		79FE89C51CEEDAFA00DFA77F /* Resources */ = {
			isa = PBXResourcesBuildPhase;
			buildActionMask = 2147483647;
			files = (
				79FE89D51CEEDAFA00DFA77F /* LaunchScreen.storyboard in Resources */,
				79FE89D21CEEDAFA00DFA77F /* Assets.xcassets in Resources */,
				79FE89D01CEEDAFA00DFA77F /* Main.storyboard in Resources */,
			);
			runOnlyForDeploymentPostprocessing = 0;
		};
		79FE89D91CEEDAFB00DFA77F /* Resources */ = {
			isa = PBXResourcesBuildPhase;
			buildActionMask = 2147483647;
			files = (
			);
			runOnlyForDeploymentPostprocessing = 0;
		};
		79FE89E41CEEDAFB00DFA77F /* Resources */ = {
			isa = PBXResourcesBuildPhase;
			buildActionMask = 2147483647;
			files = (
			);
			runOnlyForDeploymentPostprocessing = 0;
		};
/* End PBXResourcesBuildPhase section */

/* Begin PBXSourcesBuildPhase section */
		79FE89C31CEEDAFA00DFA77F /* Sources */ = {
			isa = PBXSourcesBuildPhase;
			buildActionMask = 2147483647;
			files = (
				79FE89FE1CEEDBAF00DFA77F /* WKAutomaticPagingFlowLayoutConfigurator.swift in Sources */,
				79FE8A011CEEDC1200DFA77F /* UIViewCategory.swift in Sources */,
				79FE89CD1CEEDAFA00DFA77F /* ViewController.swift in Sources */,
				79FE89CB1CEEDAFA00DFA77F /* AppDelegate.swift in Sources */,
				79FE89FD1CEEDBAF00DFA77F /* WKAutomaticPagingFlowLayout.swift in Sources */,
				79FE8A031CEEE26000DFA77F /* DemoCollectionViewController.swift in Sources */,
			);
			runOnlyForDeploymentPostprocessing = 0;
		};
		79FE89D71CEEDAFB00DFA77F /* Sources */ = {
			isa = PBXSourcesBuildPhase;
			buildActionMask = 2147483647;
			files = (
				79FE89E01CEEDAFB00DFA77F /* AutoPagingLayoutDemoTests.swift in Sources */,
			);
			runOnlyForDeploymentPostprocessing = 0;
		};
		79FE89E21CEEDAFB00DFA77F /* Sources */ = {
			isa = PBXSourcesBuildPhase;
			buildActionMask = 2147483647;
			files = (
				79FE89EB1CEEDAFB00DFA77F /* AutoPagingLayoutDemoUITests.swift in Sources */,
			);
			runOnlyForDeploymentPostprocessing = 0;
		};
/* End PBXSourcesBuildPhase section */

/* Begin PBXTargetDependency section */
		79FE89DD1CEEDAFB00DFA77F /* PBXTargetDependency */ = {
			isa = PBXTargetDependency;
			target = 79FE89C61CEEDAFA00DFA77F /* AutoPagingLayoutDemo */;
			targetProxy = 79FE89DC1CEEDAFB00DFA77F /* PBXContainerItemProxy */;
		};
		79FE89E81CEEDAFB00DFA77F /* PBXTargetDependency */ = {
			isa = PBXTargetDependency;
			target = 79FE89C61CEEDAFA00DFA77F /* AutoPagingLayoutDemo */;
			targetProxy = 79FE89E71CEEDAFB00DFA77F /* PBXContainerItemProxy */;
		};
/* End PBXTargetDependency section */

/* Begin PBXVariantGroup section */
		79FE89CE1CEEDAFA00DFA77F /* Main.storyboard */ = {
			isa = PBXVariantGroup;
			children = (
				79FE89CF1CEEDAFA00DFA77F /* Base */,
			);
			name = Main.storyboard;
			sourceTree = "<group>";
		};
		79FE89D31CEEDAFA00DFA77F /* LaunchScreen.storyboard */ = {
			isa = PBXVariantGroup;
			children = (
				79FE89D41CEEDAFA00DFA77F /* Base */,
			);
			name = LaunchScreen.storyboard;
			sourceTree = "<group>";
		};
/* End PBXVariantGroup section */

/* Begin XCBuildConfiguration section */
		79FE89ED1CEEDAFB00DFA77F /* Debug */ = {
			isa = XCBuildConfiguration;
			buildSettings = {
				ALWAYS_SEARCH_USER_PATHS = NO;
				CLANG_ANALYZER_NONNULL = YES;
				CLANG_CXX_LANGUAGE_STANDARD = "gnu++0x";
				CLANG_CXX_LIBRARY = "libc++";
				CLANG_ENABLE_MODULES = YES;
				CLANG_ENABLE_OBJC_ARC = YES;
				CLANG_WARN_BLOCK_CAPTURE_AUTORELEASING = YES;
				CLANG_WARN_BOOL_CONVERSION = YES;
				CLANG_WARN_COMMA = YES;
				CLANG_WARN_CONSTANT_CONVERSION = YES;
				CLANG_WARN_DIRECT_OBJC_ISA_USAGE = YES_ERROR;
				CLANG_WARN_EMPTY_BODY = YES;
				CLANG_WARN_ENUM_CONVERSION = YES;
				CLANG_WARN_INFINITE_RECURSION = YES;
				CLANG_WARN_INT_CONVERSION = YES;
				CLANG_WARN_NON_LITERAL_NULL_CONVERSION = YES;
				CLANG_WARN_OBJC_LITERAL_CONVERSION = YES;
				CLANG_WARN_OBJC_ROOT_CLASS = YES_ERROR;
				CLANG_WARN_RANGE_LOOP_ANALYSIS = YES;
				CLANG_WARN_STRICT_PROTOTYPES = YES;
				CLANG_WARN_SUSPICIOUS_MOVE = YES;
				CLANG_WARN_UNREACHABLE_CODE = YES;
				CLANG_WARN__DUPLICATE_METHOD_MATCH = YES;
				"CODE_SIGN_IDENTITY[sdk=iphoneos*]" = "iPhone Developer";
				COPY_PHASE_STRIP = NO;
				DEBUG_INFORMATION_FORMAT = dwarf;
				ENABLE_STRICT_OBJC_MSGSEND = YES;
				ENABLE_TESTABILITY = YES;
				GCC_C_LANGUAGE_STANDARD = gnu99;
				GCC_DYNAMIC_NO_PIC = NO;
				GCC_NO_COMMON_BLOCKS = YES;
				GCC_OPTIMIZATION_LEVEL = 0;
				GCC_PREPROCESSOR_DEFINITIONS = (
					"DEBUG=1",
					"$(inherited)",
				);
				GCC_WARN_64_TO_32_BIT_CONVERSION = YES;
				GCC_WARN_ABOUT_RETURN_TYPE = YES_ERROR;
				GCC_WARN_UNDECLARED_SELECTOR = YES;
				GCC_WARN_UNINITIALIZED_AUTOS = YES_AGGRESSIVE;
				GCC_WARN_UNUSED_FUNCTION = YES;
				GCC_WARN_UNUSED_VARIABLE = YES;
				IPHONEOS_DEPLOYMENT_TARGET = 9.3;
				MTL_ENABLE_DEBUG_INFO = YES;
				ONLY_ACTIVE_ARCH = YES;
				SDKROOT = iphoneos;
				SWIFT_OPTIMIZATION_LEVEL = "-Onone";
				TARGETED_DEVICE_FAMILY = "1,2";
			};
			name = Debug;
		};
		79FE89EE1CEEDAFB00DFA77F /* Release */ = {
			isa = XCBuildConfiguration;
			buildSettings = {
				ALWAYS_SEARCH_USER_PATHS = NO;
				CLANG_ANALYZER_NONNULL = YES;
				CLANG_CXX_LANGUAGE_STANDARD = "gnu++0x";
				CLANG_CXX_LIBRARY = "libc++";
				CLANG_ENABLE_MODULES = YES;
				CLANG_ENABLE_OBJC_ARC = YES;
				CLANG_WARN_BLOCK_CAPTURE_AUTORELEASING = YES;
				CLANG_WARN_BOOL_CONVERSION = YES;
				CLANG_WARN_COMMA = YES;
				CLANG_WARN_CONSTANT_CONVERSION = YES;
				CLANG_WARN_DIRECT_OBJC_ISA_USAGE = YES_ERROR;
				CLANG_WARN_EMPTY_BODY = YES;
				CLANG_WARN_ENUM_CONVERSION = YES;
				CLANG_WARN_INFINITE_RECURSION = YES;
				CLANG_WARN_INT_CONVERSION = YES;
				CLANG_WARN_NON_LITERAL_NULL_CONVERSION = YES;
				CLANG_WARN_OBJC_LITERAL_CONVERSION = YES;
				CLANG_WARN_OBJC_ROOT_CLASS = YES_ERROR;
				CLANG_WARN_RANGE_LOOP_ANALYSIS = YES;
				CLANG_WARN_STRICT_PROTOTYPES = YES;
				CLANG_WARN_SUSPICIOUS_MOVE = YES;
				CLANG_WARN_UNREACHABLE_CODE = YES;
				CLANG_WARN__DUPLICATE_METHOD_MATCH = YES;
				"CODE_SIGN_IDENTITY[sdk=iphoneos*]" = "iPhone Developer";
				COPY_PHASE_STRIP = NO;
				DEBUG_INFORMATION_FORMAT = "dwarf-with-dsym";
				ENABLE_NS_ASSERTIONS = NO;
				ENABLE_STRICT_OBJC_MSGSEND = YES;
				GCC_C_LANGUAGE_STANDARD = gnu99;
				GCC_NO_COMMON_BLOCKS = YES;
				GCC_WARN_64_TO_32_BIT_CONVERSION = YES;
				GCC_WARN_ABOUT_RETURN_TYPE = YES_ERROR;
				GCC_WARN_UNDECLARED_SELECTOR = YES;
				GCC_WARN_UNINITIALIZED_AUTOS = YES_AGGRESSIVE;
				GCC_WARN_UNUSED_FUNCTION = YES;
				GCC_WARN_UNUSED_VARIABLE = YES;
				IPHONEOS_DEPLOYMENT_TARGET = 9.3;
				MTL_ENABLE_DEBUG_INFO = NO;
				SDKROOT = iphoneos;
				SWIFT_OPTIMIZATION_LEVEL = "-Owholemodule";
				TARGETED_DEVICE_FAMILY = "1,2";
				VALIDATE_PRODUCT = YES;
			};
			name = Release;
		};
		79FE89F01CEEDAFB00DFA77F /* Debug */ = {
			isa = XCBuildConfiguration;
			buildSettings = {
				ASSETCATALOG_COMPILER_APPICON_NAME = AppIcon;
				INFOPLIST_FILE = AutoPagingLayoutDemo/Info.plist;
				IPHONEOS_DEPLOYMENT_TARGET = 8.0;
				LD_RUNPATH_SEARCH_PATHS = "$(inherited) @executable_path/Frameworks";
				PRODUCT_BUNDLE_IDENTIFIER = hooge.AutoPagingLayoutDemo;
				PRODUCT_NAME = "$(TARGET_NAME)";
				SWIFT_VERSION = 4.0;
			};
			name = Debug;
		};
		79FE89F11CEEDAFB00DFA77F /* Release */ = {
			isa = XCBuildConfiguration;
			buildSettings = {
				ASSETCATALOG_COMPILER_APPICON_NAME = AppIcon;
				INFOPLIST_FILE = AutoPagingLayoutDemo/Info.plist;
				IPHONEOS_DEPLOYMENT_TARGET = 8.0;
				LD_RUNPATH_SEARCH_PATHS = "$(inherited) @executable_path/Frameworks";
				PRODUCT_BUNDLE_IDENTIFIER = hooge.AutoPagingLayoutDemo;
				PRODUCT_NAME = "$(TARGET_NAME)";
				SWIFT_VERSION = 4.0;
			};
			name = Release;
		};
		79FE89F31CEEDAFB00DFA77F /* Debug */ = {
			isa = XCBuildConfiguration;
			buildSettings = {
				BUNDLE_LOADER = "$(TEST_HOST)";
				INFOPLIST_FILE = AutoPagingLayoutDemoTests/Info.plist;
				LD_RUNPATH_SEARCH_PATHS = "$(inherited) @executable_path/Frameworks @loader_path/Frameworks";
				PRODUCT_BUNDLE_IDENTIFIER = hooge.AutoPagingLayoutDemoTests;
				PRODUCT_NAME = "$(TARGET_NAME)";
				SWIFT_VERSION = 4.0;
				TEST_HOST = "$(BUILT_PRODUCTS_DIR)/AutoPagingLayoutDemo.app/AutoPagingLayoutDemo";
			};
			name = Debug;
		};
		79FE89F41CEEDAFB00DFA77F /* Release */ = {
			isa = XCBuildConfiguration;
			buildSettings = {
				BUNDLE_LOADER = "$(TEST_HOST)";
				INFOPLIST_FILE = AutoPagingLayoutDemoTests/Info.plist;
				LD_RUNPATH_SEARCH_PATHS = "$(inherited) @executable_path/Frameworks @loader_path/Frameworks";
				PRODUCT_BUNDLE_IDENTIFIER = hooge.AutoPagingLayoutDemoTests;
				PRODUCT_NAME = "$(TARGET_NAME)";
				SWIFT_VERSION = 4.0;
				TEST_HOST = "$(BUILT_PRODUCTS_DIR)/AutoPagingLayoutDemo.app/AutoPagingLayoutDemo";
			};
			name = Release;
		};
		79FE89F61CEEDAFB00DFA77F /* Debug */ = {
			isa = XCBuildConfiguration;
			buildSettings = {
				INFOPLIST_FILE = AutoPagingLayoutDemoUITests/Info.plist;
				LD_RUNPATH_SEARCH_PATHS = "$(inherited) @executable_path/Frameworks @loader_path/Frameworks";
				PRODUCT_BUNDLE_IDENTIFIER = hooge.AutoPagingLayoutDemoUITests;
				PRODUCT_NAME = "$(TARGET_NAME)";
				SWIFT_VERSION = 4.0;
				TEST_TARGET_NAME = AutoPagingLayoutDemo;
			};
			name = Debug;
		};
		79FE89F71CEEDAFB00DFA77F /* Release */ = {
			isa = XCBuildConfiguration;
			buildSettings = {
				INFOPLIST_FILE = AutoPagingLayoutDemoUITests/Info.plist;
				LD_RUNPATH_SEARCH_PATHS = "$(inherited) @executable_path/Frameworks @loader_path/Frameworks";
				PRODUCT_BUNDLE_IDENTIFIER = hooge.AutoPagingLayoutDemoUITests;
				PRODUCT_NAME = "$(TARGET_NAME)";
				SWIFT_VERSION = 4.0;
				TEST_TARGET_NAME = AutoPagingLayoutDemo;
			};
			name = Release;
		};
/* End XCBuildConfiguration section */

/* Begin XCConfigurationList section */
		79FE89C21CEEDAFA00DFA77F /* Build configuration list for PBXProject "AutoPagingLayoutDemo" */ = {
			isa = XCConfigurationList;
			buildConfigurations = (
				79FE89ED1CEEDAFB00DFA77F /* Debug */,
				79FE89EE1CEEDAFB00DFA77F /* Release */,
			);
			defaultConfigurationIsVisible = 0;
			defaultConfigurationName = Release;
		};
		79FE89EF1CEEDAFB00DFA77F /* Build configuration list for PBXNativeTarget "AutoPagingLayoutDemo" */ = {
			isa = XCConfigurationList;
			buildConfigurations = (
				79FE89F01CEEDAFB00DFA77F /* Debug */,
				79FE89F11CEEDAFB00DFA77F /* Release */,
			);
			defaultConfigurationIsVisible = 0;
			defaultConfigurationName = Release;
		};
		79FE89F21CEEDAFB00DFA77F /* Build configuration list for PBXNativeTarget "AutoPagingLayoutDemoTests" */ = {
			isa = XCConfigurationList;
			buildConfigurations = (
				79FE89F31CEEDAFB00DFA77F /* Debug */,
				79FE89F41CEEDAFB00DFA77F /* Release */,
			);
			defaultConfigurationIsVisible = 0;
			defaultConfigurationName = Release;
		};
		79FE89F51CEEDAFB00DFA77F /* Build configuration list for PBXNativeTarget "AutoPagingLayoutDemoUITests" */ = {
			isa = XCConfigurationList;
			buildConfigurations = (
				79FE89F61CEEDAFB00DFA77F /* Debug */,
				79FE89F71CEEDAFB00DFA77F /* Release */,
			);
			defaultConfigurationIsVisible = 0;
			defaultConfigurationName = Release;
		};
/* End XCConfigurationList section */
	};
	rootObject = 79FE89BF1CEEDAFA00DFA77F /* Project object */;
}
